# This file is autogenerated, do not edit; changes may be undone by the next 'dep ensure'.


[[projects]]
  digest = "1:93147eb1d6f08d39f2c0efe3d29ee043bda72be7a8b3b367eb08c72c18524638"
  name = "github.com/container-storage-interface/spec"
  packages = ["lib/go/csi"]
  pruneopts = ""
  revision = "ed0bb0e1557548aa028307f48728767cfe8f6345"
  version = "v1.0.0"

[[projects]]
  branch = "master"
  digest = "1:107b233e45174dbab5b1324201d092ea9448e58243ab9f039e4c0f332e121e3a"
  name = "github.com/golang/glog"
  packages = ["."]
  pruneopts = ""
  revision = "23def4e6c14b4da8ac2ed8007337bc5eb5007998"

[[projects]]
  digest = "1:3dd078fda7500c341bc26cfbc6c6a34614f295a2457149fc1045cab767cbcf18"
  name = "github.com/golang/protobuf"
  packages = [
    "proto",
    "protoc-gen-go/descriptor",
    "ptypes",
    "ptypes/any",
    "ptypes/duration",
    "ptypes/timestamp",
    "ptypes/wrappers",
  ]
  pruneopts = ""
  revision = "aa810b61a9c79d51363740d207bb46cf8e620ed5"
  version = "v1.2.0"

[[projects]]
  digest = "1:a25a2c5ae694b01713fb6cd03c3b1ac1ccc1902b9f0a922680a88ec254f968e1"
  name = "github.com/google/uuid"
  packages = ["."]
  pruneopts = ""
  revision = "9b3b1e0f5f99ae461456d768e7d301a7acdaa2d8"
  version = "v1.1.0"

[[projects]]
  branch = "master"
  digest = "1:01f6264649510cce626f907688df44f80c8ba788d064756701d85c51f21eb0d6"
  name = "github.com/kubernetes-csi/drivers"
  packages = ["pkg/csi-common"]
  pruneopts = ""
  revision = "8a7f2d3a4057ddcff31b7898bd4413dfdf3a3b67"

[[projects]]
  digest = "1:a5484d4fa43127138ae6e7b2299a6a52ae006c7f803d98d717f60abf3e97192e"
  name = "github.com/pborman/uuid"
  packages = ["."]
  pruneopts = ""
  revision = "adf5a7427709b9deb95d29d3fa8a2bf9cfd388f1"
  version = "v1.2"

[[projects]]
  digest = "1:7365acd48986e205ccb8652cc746f09c8b7876030d53710ea6ef7d0bd0dcd7ca"
  name = "github.com/pkg/errors"
  packages = ["."]
  pruneopts = ""
  revision = "645ef00459ed84a119197bfb8d8205042c6df63d"
  version = "v0.8.0"

[[projects]]
  branch = "master"
  digest = "1:ea539c13b066dac72a940b62f37600a20ab8e88057397c78f3197c1a48475425"
  name = "golang.org/x/net"
  packages = [
    "context",
    "http/httpguts",
    "http2",
    "http2/hpack",
    "idna",
    "internal/timeseries",
    "trace",
  ]
  pruneopts = ""
  revision = "351d144fa1fc0bd934e2408202be0c29f25e35a0"

[[projects]]
  branch = "master"
  digest = "1:f358024b019f87eecaadcb098113a40852c94fe58ea670ef3c3e2d2c7bd93db1"
  name = "golang.org/x/sys"
  packages = ["unix"]
  pruneopts = ""
  revision = "4ed8d59d0b35e1e29334a206d1b3f38b1e5dfb31"

[[projects]]
  digest = "1:5acd3512b047305d49e8763eef7ba423901e85d5dd2fd1e71778a0ea8de10bd4"
  name = "golang.org/x/text"
  packages = [
    "collate",
    "collate/build",
    "internal/colltab",
    "internal/gen",
    "internal/tag",
    "internal/triegen",
    "internal/ucd",
    "language",
    "secure/bidirule",
    "transform",
    "unicode/bidi",
    "unicode/cldr",
    "unicode/norm",
    "unicode/rangetable",
  ]
  pruneopts = ""
  revision = "f21a4dfb5e38f5895301dc265a8def02365cc3d0"
  version = "v0.3.0"

[[projects]]
  branch = "master"
  digest = "1:5fc6c317675b746d0c641b29aa0aab5fcb403c0d07afdbf0de86b0d447a0502a"
  name = "google.golang.org/genproto"
  packages = ["googleapis/rpc/status"]
  pruneopts = ""
  revision = "bd91e49a0898e27abb88c339b432fa53d7497ac0"

[[projects]]
  digest = "1:1293087271e314cfa2b3decededba2ecba0ff327e7b7809e00f73f616449191c"
  name = "google.golang.org/grpc"
  packages = [
    ".",
    "balancer",
    "balancer/base",
    "balancer/roundrobin",
    "codes",
    "connectivity",
    "credentials",
    "encoding",
    "encoding/proto",
    "grpclog",
    "internal",
    "internal/backoff",
    "internal/channelz",
    "internal/envconfig",
    "internal/grpcrand",
    "internal/transport",
    "keepalive",
    "metadata",
    "naming",
    "peer",
    "resolver",
    "resolver/dns",
    "resolver/passthrough",
    "stats",
    "status",
    "tap",
  ]
  pruneopts = ""
  revision = "2e463a05d100327ca47ac218281906921038fd95"
  version = "v1.16.0"

[[projects]]
  digest = "1:66b0292f815d508d11ed5fe94fdeb0bcc5a988703a08e73bf3cb3a415de676cf"
  name = "k8s.io/apimachinery"
  packages = [
    "pkg/util/runtime",
    "pkg/util/sets",
    "pkg/util/wait",
  ]
  pruneopts = ""
  revision = "2b1284ed4c93a43499e781493253e2ac5959c4fd"
  version = "kubernetes-1.13.0"

[[projects]]
  digest = "1:4f5eb833037cc0ba0bf8fe9cae6be9df62c19dd1c869415275c708daa8ccfda5"
  name = "k8s.io/klog"
  packages = ["."]
  pruneopts = ""
  revision = "a5bc97fbc634d635061f3146511332c7e313a55a"
  version = "v0.1.0"

[[projects]]
  digest = "1:a53c39a815a31aceb509f9987d7d8c65e74fcb1fcd5077eaf723a8defec1af90"
  name = "k8s.io/kubernetes"
  packages = [
    "pkg/util/file",
    "pkg/util/io",
    "pkg/util/keymutex",
    "pkg/util/mount",
    "pkg/util/nsenter",
  ]
  pruneopts = ""
  revision = "ddf47ac13c1a9483ea035a79cd7c10005ff21a6d"
  version = "v1.13.0"

[[projects]]
  branch = "master"
  digest = "1:bea542e853f98bfcc80ecbe8fe0f32bc52c97664102aacdd7dca676354ef2faa"
  name = "k8s.io/utils"
  packages = ["exec"]
  pruneopts = ""
  revision = "0d26856f57b32ec3398579285e5c8a2bfe8c5243"

[solve-meta]
  analyzer-name = "dep"
  analyzer-version = 1
  input-imports = [
    "github.com/container-storage-interface/spec/lib/go/csi",
    "github.com/golang/glog",
    "github.com/golang/protobuf/ptypes/timestamp",
    "github.com/kubernetes-csi/drivers/pkg/csi-common",
    "github.com/pborman/uuid",
    "github.com/pkg/errors",
    "golang.org/x/net/context",
    "google.golang.org/grpc/codes",
    "google.golang.org/grpc/status",
    "k8s.io/apimachinery/pkg/util/sets",
    "k8s.io/apimachinery/pkg/util/wait",
    "k8s.io/kubernetes/pkg/util/keymutex",
    "k8s.io/kubernetes/pkg/util/mount",
    "k8s.io/kubernetes/pkg/util/nsenter",
    "k8s.io/utils/exec",
  ]
  solver-name = "gps-cdcl"
  solver-version = 1
